
Microsoft Visual Studio Solution File, Format Version 12.00
Project("{FAE04EC0-301F-11D3-BF4B-00C04F79EFBC}") = "TAF_Core", "TAF_Core\TAF_Core.csproj", "{7F6E224B-B653-48ED-847B-660DEF89A3C6}"
EndProject
Global
	GlobalSection(SolutionConfigurationPlatforms) = preSolution
		Debug|Any CPU = Debug|Any CPU
		Release|Any CPU = Release|Any CPU
	EndGlobalSection
	GlobalSection(ProjectConfigurationPlatforms) = postSolution
		{7F6E224B-B653-48ED-847B-660DEF89A3C6}.Debug|Any CPU.ActiveCfg = Debug|Any CPU
		{7F6E224B-B653-48ED-847B-660DEF89A3C6}.Debug|Any CPU.Build.0 = Debug|Any CPU
		{7F6E224B-B653-48ED-847B-660DEF89A3C6}.Release|Any CPU.ActiveCfg = Release|Any CPU
		{7F6E224B-B653-48ED-847B-660DEF89A3C6}.Release|Any CPU.Build.0 = Release|Any CPU
	EndGlobalSection
EndGlobal
