
Microsoft Visual Studio Solution File, Format Version 12.00
# Visual Studio Version 17
VisualStudioVersion = 17.0.31912.275
MinimumVisualStudioVersion = 10.0.40219.1
Project("{FAE04EC0-301F-11D3-BF4B-00C04F79EFBC}") = "TDD_Class_Practice", "TDD_Class_Practice\TDD_Class_Practice.csproj", "{BE431D60-969B-435F-A487-7A892ACCA0A5}"
EndProject
Project("{FAE04EC0-301F-11D3-BF4B-00C04F79EFBC}") = "Tester", "Tester\Tester.csproj", "{AE302FE5-0190-421D-B380-5BD322DE9079}"
EndProject
Global
	GlobalSection(SolutionConfigurationPlatforms) = preSolution
		Debug|Any CPU = Debug|Any CPU
		Release|Any CPU = Release|Any CPU
	EndGlobalSection
	GlobalSection(ProjectConfigurationPlatforms) = postSolution
		{BE431D60-969B-435F-A487-7A892ACCA0A5}.Debug|Any CPU.ActiveCfg = Debug|Any CPU
		{BE431D60-969B-435F-A487-7A892ACCA0A5}.Debug|Any CPU.Build.0 = Debug|Any CPU
		{BE431D60-969B-435F-A487-7A892ACCA0A5}.Release|Any CPU.ActiveCfg = Release|Any CPU
		{BE431D60-969B-435F-A487-7A892ACCA0A5}.Release|Any CPU.Build.0 = Release|Any CPU
		{AE302FE5-0190-421D-B380-5BD322DE9079}.Debug|Any CPU.ActiveCfg = Debug|Any CPU
		{AE302FE5-0190-421D-B380-5BD322DE9079}.Debug|Any CPU.Build.0 = Debug|Any CPU
		{AE302FE5-0190-421D-B380-5BD322DE9079}.Release|Any CPU.ActiveCfg = Release|Any CPU
		{AE302FE5-0190-421D-B380-5BD322DE9079}.Release|Any CPU.Build.0 = Release|Any CPU
	EndGlobalSection
	GlobalSection(SolutionProperties) = preSolution
		HideSolutionNode = FALSE
	EndGlobalSection
	GlobalSection(ExtensibilityGlobals) = postSolution
		SolutionGuid = {35A67A4F-1861-4472-8FD3-25A0408DB576}
	EndGlobalSection
EndGlobal
