
Microsoft Visual Studio Solution File, Format Version 12.00
# Visual Studio Version 17
VisualStudioVersion = 17.0.31912.275
MinimumVisualStudioVersion = 10.0.40219.1
Project("{FAE04EC0-301F-11D3-BF4B-00C04F79EFBC}") = "DataDrivenXML", "AutomationUsingSelenium_AssertionAndDataDrivenXML\DataDrivenXML.csproj", "{766C7DBD-9E8C-4E8C-90FC-214E2B3954A6}"
EndProject
Project("{FAE04EC0-301F-11D3-BF4B-00C04F79EFBC}") = "ParellelTestExicution", "ParellelTestExicution\ParellelTestExicution.csproj", "{562F8FD5-E942-43F1-A529-6943E98A28FC}"
EndProject
Project("{FAE04EC0-301F-11D3-BF4B-00C04F79EFBC}") = "HeadLessExecution", "HeadLessExecution\HeadLessExecution.csproj", "{3F097E5F-223B-4CB4-859B-86A6A89D1C8B}"
EndProject
Project("{FAE04EC0-301F-11D3-BF4B-00C04F79EFBC}") = "MultipleBrowser", "MultipleBrowser\MultipleBrowser.csproj", "{A49C10F9-4FB5-43D6-BA3F-AF41731E2D9C}"
EndProject
Project("{FAE04EC0-301F-11D3-BF4B-00C04F79EFBC}") = "DropDownTesting", "DropDownTesting\DropDownTesting.csproj", "{CC3F5D5E-C1C7-4F58-9C4F-3F93D56AC708}"
EndProject
Project("{FAE04EC0-301F-11D3-BF4B-00C04F79EFBC}") = "PageObjectModel", "PageObjectModel\PageObjectModel.csproj", "{C4B7BC38-6D43-419E-A5AA-479F62CB7D2F}"
EndProject
Project("{FAE04EC0-301F-11D3-BF4B-00C04F79EFBC}") = "LogingInSeleniumApp", "LogingInSeleniumApp\LogingInSeleniumApp.csproj", "{80340509-961A-4991-A90A-C79D10B217F1}"
EndProject
Project("{FAE04EC0-301F-11D3-BF4B-00C04F79EFBC}") = "MultipleBrowserExicution", "MultipleBrowserExicution\MultipleBrowserExicution.csproj", "{2049ABF3-F2C6-47E7-8CEF-376A3FA71B36}"
EndProject
Project("{FAE04EC0-301F-11D3-BF4B-00C04F79EFBC}") = "ExtentReportingInSelenium", "ExtentReportingInSelenium\ExtentReportingInSelenium.csproj", "{689BEAD6-C989-4FE2-BED6-9D7F02A0A7E8}"
EndProject
Project("{FAE04EC0-301F-11D3-BF4B-00C04F79EFBC}") = "DesktopAppAutomation", "DesktopAppAutomation\DesktopAppAutomation.csproj", "{6A93258C-8AE9-49AB-9EC9-27B5E18AECBA}"
EndProject
Global
	GlobalSection(SolutionConfigurationPlatforms) = preSolution
		Debug|Any CPU = Debug|Any CPU
		Release|Any CPU = Release|Any CPU
	EndGlobalSection
	GlobalSection(ProjectConfigurationPlatforms) = postSolution
		{766C7DBD-9E8C-4E8C-90FC-214E2B3954A6}.Debug|Any CPU.ActiveCfg = Debug|Any CPU
		{766C7DBD-9E8C-4E8C-90FC-214E2B3954A6}.Debug|Any CPU.Build.0 = Debug|Any CPU
		{766C7DBD-9E8C-4E8C-90FC-214E2B3954A6}.Release|Any CPU.ActiveCfg = Release|Any CPU
		{766C7DBD-9E8C-4E8C-90FC-214E2B3954A6}.Release|Any CPU.Build.0 = Release|Any CPU
		{562F8FD5-E942-43F1-A529-6943E98A28FC}.Debug|Any CPU.ActiveCfg = Debug|Any CPU
		{562F8FD5-E942-43F1-A529-6943E98A28FC}.Debug|Any CPU.Build.0 = Debug|Any CPU
		{562F8FD5-E942-43F1-A529-6943E98A28FC}.Release|Any CPU.ActiveCfg = Release|Any CPU
		{562F8FD5-E942-43F1-A529-6943E98A28FC}.Release|Any CPU.Build.0 = Release|Any CPU
		{3F097E5F-223B-4CB4-859B-86A6A89D1C8B}.Debug|Any CPU.ActiveCfg = Debug|Any CPU
		{3F097E5F-223B-4CB4-859B-86A6A89D1C8B}.Debug|Any CPU.Build.0 = Debug|Any CPU
		{3F097E5F-223B-4CB4-859B-86A6A89D1C8B}.Release|Any CPU.ActiveCfg = Release|Any CPU
		{3F097E5F-223B-4CB4-859B-86A6A89D1C8B}.Release|Any CPU.Build.0 = Release|Any CPU
		{A49C10F9-4FB5-43D6-BA3F-AF41731E2D9C}.Debug|Any CPU.ActiveCfg = Debug|Any CPU
		{A49C10F9-4FB5-43D6-BA3F-AF41731E2D9C}.Debug|Any CPU.Build.0 = Debug|Any CPU
		{A49C10F9-4FB5-43D6-BA3F-AF41731E2D9C}.Release|Any CPU.ActiveCfg = Release|Any CPU
		{A49C10F9-4FB5-43D6-BA3F-AF41731E2D9C}.Release|Any CPU.Build.0 = Release|Any CPU
		{CC3F5D5E-C1C7-4F58-9C4F-3F93D56AC708}.Debug|Any CPU.ActiveCfg = Debug|Any CPU
		{CC3F5D5E-C1C7-4F58-9C4F-3F93D56AC708}.Debug|Any CPU.Build.0 = Debug|Any CPU
		{CC3F5D5E-C1C7-4F58-9C4F-3F93D56AC708}.Release|Any CPU.ActiveCfg = Release|Any CPU
		{CC3F5D5E-C1C7-4F58-9C4F-3F93D56AC708}.Release|Any CPU.Build.0 = Release|Any CPU
		{C4B7BC38-6D43-419E-A5AA-479F62CB7D2F}.Debug|Any CPU.ActiveCfg = Debug|Any CPU
		{C4B7BC38-6D43-419E-A5AA-479F62CB7D2F}.Debug|Any CPU.Build.0 = Debug|Any CPU
		{C4B7BC38-6D43-419E-A5AA-479F62CB7D2F}.Release|Any CPU.ActiveCfg = Release|Any CPU
		{C4B7BC38-6D43-419E-A5AA-479F62CB7D2F}.Release|Any CPU.Build.0 = Release|Any CPU
		{80340509-961A-4991-A90A-C79D10B217F1}.Debug|Any CPU.ActiveCfg = Debug|Any CPU
		{80340509-961A-4991-A90A-C79D10B217F1}.Debug|Any CPU.Build.0 = Debug|Any CPU
		{80340509-961A-4991-A90A-C79D10B217F1}.Release|Any CPU.ActiveCfg = Release|Any CPU
		{80340509-961A-4991-A90A-C79D10B217F1}.Release|Any CPU.Build.0 = Release|Any CPU
		{2049ABF3-F2C6-47E7-8CEF-376A3FA71B36}.Debug|Any CPU.ActiveCfg = Debug|Any CPU
		{2049ABF3-F2C6-47E7-8CEF-376A3FA71B36}.Debug|Any CPU.Build.0 = Debug|Any CPU
		{2049ABF3-F2C6-47E7-8CEF-376A3FA71B36}.Release|Any CPU.ActiveCfg = Release|Any CPU
		{2049ABF3-F2C6-47E7-8CEF-376A3FA71B36}.Release|Any CPU.Build.0 = Release|Any CPU
		{689BEAD6-C989-4FE2-BED6-9D7F02A0A7E8}.Debug|Any CPU.ActiveCfg = Debug|Any CPU
		{689BEAD6-C989-4FE2-BED6-9D7F02A0A7E8}.Debug|Any CPU.Build.0 = Debug|Any CPU
		{689BEAD6-C989-4FE2-BED6-9D7F02A0A7E8}.Release|Any CPU.ActiveCfg = Release|Any CPU
		{689BEAD6-C989-4FE2-BED6-9D7F02A0A7E8}.Release|Any CPU.Build.0 = Release|Any CPU
		{6A93258C-8AE9-49AB-9EC9-27B5E18AECBA}.Debug|Any CPU.ActiveCfg = Debug|Any CPU
		{6A93258C-8AE9-49AB-9EC9-27B5E18AECBA}.Debug|Any CPU.Build.0 = Debug|Any CPU
		{6A93258C-8AE9-49AB-9EC9-27B5E18AECBA}.Release|Any CPU.ActiveCfg = Release|Any CPU
		{6A93258C-8AE9-49AB-9EC9-27B5E18AECBA}.Release|Any CPU.Build.0 = Release|Any CPU
	EndGlobalSection
	GlobalSection(SolutionProperties) = preSolution
		HideSolutionNode = FALSE
	EndGlobalSection
	GlobalSection(ExtensibilityGlobals) = postSolution
		SolutionGuid = {763A3357-51E9-49EB-B418-016C214AEAC4}
	EndGlobalSection
EndGlobal
